// !$*UTF8*$!
{
	archiveVersion = 1;
	classes = {
	};
	objectVersion = 77;
	objects = {

/* Begin PBXBuildFile section */
		0A0265AF927A66B40DBCA06B /* ClipListView.swift in Sources */ = {isa = PBXBuildFile; fileRef = C9F2370F7CE20C2A273FC7CD /* ClipListView.swift */; };
		12570C75DE15E22C06666094 /* LocalVideoIntake.swift in Sources */ = {isa = PBXBuildFile; fileRef = BE370B3A23B49D0DED479199 /* LocalVideoIntake.swift */; };
		16A3213CCC5EA141B7E189E6 /* LocalVideoLogic.swift in Sources */ = {isa = PBXBuildFile; fileRef = E1B9EC6CE7B68DC43C4F92C7 /* LocalVideoLogic.swift */; };
		18DFDCCFF6258C4B0568B3CA /* SmokeTests.swift in Sources */ = {isa = PBXBuildFile; fileRef = 18B28237BDD6785E014E9F62 /* SmokeTests.swift */; };
		27D47564638D6299811A5A5B /* MatchGrouping.swift in Sources */ = {isa = PBXBuildFile; fileRef = 4A94F21AB0AEE5F66047B679 /* MatchGrouping.swift */; };
		34F5A055888BA449FB4B9C51 /* KindBadge.swift in Sources */ = {isa = PBXBuildFile; fileRef = C2035CA20A665E3BA885CFDC /* KindBadge.swift */; };
		5C9837ECBC6EEDFD23C6E592 /* CameraRecorder.swift in Sources */ = {isa = PBXBuildFile; fileRef = 9460204E541BF370BAFFB9BE /* CameraRecorder.swift */; };
		5E87E0064158262606D850FC /* VideoPicker.swift in Sources */ = {isa = PBXBuildFile; fileRef = 2C2F901A70401154D8989C1D /* VideoPicker.swift */; };
		6021497F1DAEA61DA330FEA1 /* MatchClipsView.swift in Sources */ = {isa = PBXBuildFile; fileRef = 42CBF6009AF78F80778FDBA5 /* MatchClipsView.swift */; };
		60AC11B9815BD71920288100 /* ShuttlCard.swift in Sources */ = {isa = PBXBuildFile; fileRef = 7000786E94D92922A2812A6E /* ShuttlCard.swift */; };
		62E0A52B8EA38886C05814B8 /* LocalVideoFiles.swift in Sources */ = {isa = PBXBuildFile; fileRef = 3A34A957F901EA635D1BAA96 /* LocalVideoFiles.swift */; };
		6B213FD25EAA52256950E095 /* SplashView.swift in Sources */ = {isa = PBXBuildFile; fileRef = 8D7CDC92F8FAE6AD8DC9F0E5 /* SplashView.swift */; };
		7424550AE59BF1354C4DD5F4 /* PrimaryButtonStyle.swift in Sources */ = {isa = PBXBuildFile; fileRef = 82FC0470AAADE04383A85BE1 /* PrimaryButtonStyle.swift */; };
		77F381D4EA05BBFC12F5FFD2 /* RootView.swift in Sources */ = {isa = PBXBuildFile; fileRef = 76A23487DD59B49157A3135C /* RootView.swift */; };
		80422B2E577D3C2F2F960B7D /* MatchGroupingTests.swift in Sources */ = {isa = PBXBuildFile; fileRef = B0808EB7D7A1AF8A36818AEE /* MatchGroupingTests.swift */; };
		82FCD13E2F1A2AAA98EC26F5 /* ClipDetailModel.swift in Sources */ = {isa = PBXBuildFile; fileRef = F08C072BC144799AD2F86506 /* ClipDetailModel.swift */; };
		8D09944EA6E8B198E3D0073C /* SignInView.swift in Sources */ = {isa = PBXBuildFile; fileRef = 769DC477BEE2C03BD6080CAE /* SignInView.swift */; };
		9BDCF0327453D8E988B7DA68 /* LocalThumbnails.swift in Sources */ = {isa = PBXBuildFile; fileRef = 4C8D2CE62461A4ABAED8923C /* LocalThumbnails.swift */; };
		A3E7CE695279E31B5DE51490 /* ClipDetailView.swift in Sources */ = {isa = PBXBuildFile; fileRef = 89FA84FB777601A064F7BD1C /* ClipDetailView.swift */; };
		B3423C48C469B78520C89FE6 /* LocalVideoSection.swift in Sources */ = {isa = PBXBuildFile; fileRef = FEFBC0DB886D05C0A25F6E05 /* LocalVideoSection.swift */; };
		C5EB2C372C4CEC4BA1449043 /* LocalVideoLogicTests.swift in Sources */ = {isa = PBXBuildFile; fileRef = 8F48D800419AB5B1F89A5DD9 /* LocalVideoLogicTests.swift */; };
		CFC74B86E0256055E87B5EAC /* RallyIOSApp.swift in Sources */ = {isa = PBXBuildFile; fileRef = E169E538F23D04ED878E1EFF /* RallyIOSApp.swift */; };
		D3A0C6A3CA64CF44286066FC /* ClipListModel.swift in Sources */ = {isa = PBXBuildFile; fileRef = 36DA4D40D7C6052946C3CC35 /* ClipListModel.swift */; };
		D90B20576A674D829140588B /* ShareSheetView.swift in Sources */ = {isa = PBXBuildFile; fileRef = 3CEBABF3818F4829339E77D7 /* ShareSheetView.swift */; };
		EB93197882D94A5AF008CD13 /* ShuttlTheme.swift in Sources */ = {isa = PBXBuildFile; fileRef = 0C55FBA93C98A27AC7EE21BE /* ShuttlTheme.swift */; };
		EE7A9B1A1CC005EC4BCF015B /* ErrorBanner.swift in Sources */ = {isa = PBXBuildFile; fileRef = F445C67CB4C46F120008DAD3 /* ErrorBanner.swift */; };
		F34C70DAE58109539EEA2D7B /* AddAnnotationSheet.swift in Sources */ = {isa = PBXBuildFile; fileRef = 4B46560A5190E75D7D9644D0 /* AddAnnotationSheet.swift */; };
/* End PBXBuildFile section */

/* Begin PBXContainerItemProxy section */
		0FBF91AC48015D09643FAF6B /* PBXContainerItemProxy */ = {
			isa = PBXContainerItemProxy;
			containerPortal = 242FB5348943441C388468CE /* Project object */;
			proxyType = 1;
			remoteGlobalIDString = 78B53CC79860CBFC2F5543C6;
			remoteInfo = iosApp;
		};
/* End PBXContainerItemProxy section */

/* Begin PBXFileReference section */
		0C55FBA93C98A27AC7EE21BE /* ShuttlTheme.swift */ = {isa = PBXFileReference; lastKnownFileType = sourcecode.swift; path = ShuttlTheme.swift; sourceTree = "<group>"; };
		18B28237BDD6785E014E9F62 /* SmokeTests.swift */ = {isa = PBXFileReference; lastKnownFileType = sourcecode.swift; path = SmokeTests.swift; sourceTree = "<group>"; };
		2C2F901A70401154D8989C1D /* VideoPicker.swift */ = {isa = PBXFileReference; lastKnownFileType = sourcecode.swift; path = VideoPicker.swift; sourceTree = "<group>"; };
		36DA4D40D7C6052946C3CC35 /* ClipListModel.swift */ = {isa = PBXFileReference; lastKnownFileType = sourcecode.swift; path = ClipListModel.swift; sourceTree = "<group>"; };
		3A34A957F901EA635D1BAA96 /* LocalVideoFiles.swift */ = {isa = PBXFileReference; lastKnownFileType = sourcecode.swift; path = LocalVideoFiles.swift; sourceTree = "<group>"; };
		3CEBABF3818F4829339E77D7 /* ShareSheetView.swift */ = {isa = PBXFileReference; lastKnownFileType = sourcecode.swift; path = ShareSheetView.swift; sourceTree = "<group>"; };
		42CBF6009AF78F80778FDBA5 /* MatchClipsView.swift */ = {isa = PBXFileReference; lastKnownFileType = sourcecode.swift; path = MatchClipsView.swift; sourceTree = "<group>"; };
		4A94F21AB0AEE5F66047B679 /* MatchGrouping.swift */ = {isa = PBXFileReference; lastKnownFileType = sourcecode.swift; path = MatchGrouping.swift; sourceTree = "<group>"; };
		4B46560A5190E75D7D9644D0 /* AddAnnotationSheet.swift */ = {isa = PBXFileReference; lastKnownFileType = sourcecode.swift; path = AddAnnotationSheet.swift; sourceTree = "<group>"; };
		4C8D2CE62461A4ABAED8923C /* LocalThumbnails.swift */ = {isa = PBXFileReference; lastKnownFileType = sourcecode.swift; path = LocalThumbnails.swift; sourceTree = "<group>"; };
		56583BC252B5F01ED9DEA19D /* iosAppTests.xctest */ = {isa = PBXFileReference; includeInIndex = 0; lastKnownFileType = wrapper.cfbundle; path = iosAppTests.xctest; sourceTree = BUILT_PRODUCTS_DIR; };
		7000786E94D92922A2812A6E /* ShuttlCard.swift */ = {isa = PBXFileReference; lastKnownFileType = sourcecode.swift; path = ShuttlCard.swift; sourceTree = "<group>"; };
		769DC477BEE2C03BD6080CAE /* SignInView.swift */ = {isa = PBXFileReference; lastKnownFileType = sourcecode.swift; path = SignInView.swift; sourceTree = "<group>"; };
		76A23487DD59B49157A3135C /* RootView.swift */ = {isa = PBXFileReference; lastKnownFileType = sourcecode.swift; path = RootView.swift; sourceTree = "<group>"; };
		82FC0470AAADE04383A85BE1 /* PrimaryButtonStyle.swift */ = {isa = PBXFileReference; lastKnownFileType = sourcecode.swift; path = PrimaryButtonStyle.swift; sourceTree = "<group>"; };
		86038AE1032E284E79B32AD6 /* iosApp.app */ = {isa = PBXFileReference; includeInIndex = 0; lastKnownFileType = wrapper.application; path = iosApp.app; sourceTree = BUILT_PRODUCTS_DIR; };
		89FA84FB777601A064F7BD1C /* ClipDetailView.swift */ = {isa = PBXFileReference; lastKnownFileType = sourcecode.swift; path = ClipDetailView.swift; sourceTree = "<group>"; };
		8D7CDC92F8FAE6AD8DC9F0E5 /* SplashView.swift */ = {isa = PBXFileReference; lastKnownFileType = sourcecode.swift; path = SplashView.swift; sourceTree = "<group>"; };
		8F48D800419AB5B1F89A5DD9 /* LocalVideoLogicTests.swift */ = {isa = PBXFileReference; lastKnownFileType = sourcecode.swift; path = LocalVideoLogicTests.swift; sourceTree = "<group>"; };
		9460204E541BF370BAFFB9BE /* CameraRecorder.swift */ = {isa = PBXFileReference; lastKnownFileType = sourcecode.swift; path = CameraRecorder.swift; sourceTree = "<group>"; };
		B0808EB7D7A1AF8A36818AEE /* MatchGroupingTests.swift */ = {isa = PBXFileReference; lastKnownFileType = sourcecode.swift; path = MatchGroupingTests.swift; sourceTree = "<group>"; };
		BE370B3A23B49D0DED479199 /* LocalVideoIntake.swift */ = {isa = PBXFileReference; lastKnownFileType = sourcecode.swift; path = LocalVideoIntake.swift; sourceTree = "<group>"; };
		C2035CA20A665E3BA885CFDC /* KindBadge.swift */ = {isa = PBXFileReference; lastKnownFileType = sourcecode.swift; path = KindBadge.swift; sourceTree = "<group>"; };
		C59114F647E69202552CE362 /* Info.plist */ = {isa = PBXFileReference; lastKnownFileType = text.plist; path = Info.plist; sourceTree = "<group>"; };
		C9F2370F7CE20C2A273FC7CD /* ClipListView.swift */ = {isa = PBXFileReference; lastKnownFileType = sourcecode.swift; path = ClipListView.swift; sourceTree = "<group>"; };
		D030A719D36D3641BD15D7B2 /* AppConfig.xcconfig */ = {isa = PBXFileReference; lastKnownFileType = text.xcconfig; path = AppConfig.xcconfig; sourceTree = "<group>"; };
		E169E538F23D04ED878E1EFF /* RallyIOSApp.swift */ = {isa = PBXFileReference; lastKnownFileType = sourcecode.swift; path = RallyIOSApp.swift; sourceTree = "<group>"; };
		E1B9EC6CE7B68DC43C4F92C7 /* LocalVideoLogic.swift */ = {isa = PBXFileReference; lastKnownFileType = sourcecode.swift; path = LocalVideoLogic.swift; sourceTree = "<group>"; };
		F08C072BC144799AD2F86506 /* ClipDetailModel.swift */ = {isa = PBXFileReference; lastKnownFileType = sourcecode.swift; path = ClipDetailModel.swift; sourceTree = "<group>"; };
		F445C67CB4C46F120008DAD3 /* ErrorBanner.swift */ = {isa = PBXFileReference; lastKnownFileType = sourcecode.swift; path = ErrorBanner.swift; sourceTree = "<group>"; };
		FEFBC0DB886D05C0A25F6E05 /* LocalVideoSection.swift */ = {isa = PBXFileReference; lastKnownFileType = sourcecode.swift; path = LocalVideoSection.swift; sourceTree = "<group>"; };
/* End PBXFileReference section */

/* Begin PBXGroup section */
		161D482132B1A836D1C0C8E6 /* ClipDetail */ = {
			isa = PBXGroup;
			children = (
				4B46560A5190E75D7D9644D0 /* AddAnnotationSheet.swift */,
				F08C072BC144799AD2F86506 /* ClipDetailModel.swift */,
				89FA84FB777601A064F7BD1C /* ClipDetailView.swift */,
			);
			path = ClipDetail;
			sourceTree = "<group>";
		};
		2DCC9661F24164FE480C72F7 /* Components */ = {
			isa = PBXGroup;
			children = (
				F445C67CB4C46F120008DAD3 /* ErrorBanner.swift */,
				C2035CA20A665E3BA885CFDC /* KindBadge.swift */,
				82FC0470AAADE04383A85BE1 /* PrimaryButtonStyle.swift */,
				7000786E94D92922A2812A6E /* ShuttlCard.swift */,
			);
			path = Components;
			sourceTree = "<group>";
		};
		38B69C3F79CD97858CF7B609 = {
			isa = PBXGroup;
			children = (
				FFC9BEF0F7452C90A6A82EFC /* Config */,
				B53BB82DD7780F3657A03A11 /* Sources */,
				55ED44A9BCF2278E3F626B69 /* Tests */,
				94C98B8B3A2BFC1966447269 /* Products */,
			);
			sourceTree = "<group>";
		};
		55ED44A9BCF2278E3F626B69 /* Tests */ = {
			isa = PBXGroup;
			children = (
				8F48D800419AB5B1F89A5DD9 /* LocalVideoLogicTests.swift */,
				B0808EB7D7A1AF8A36818AEE /* MatchGroupingTests.swift */,
				18B28237BDD6785E014E9F62 /* SmokeTests.swift */,
			);
			path = Tests;
			sourceTree = "<group>";
		};
		5FDF58FB201ACBADD1DA850C /* SignIn */ = {
			isa = PBXGroup;
			children = (
				769DC477BEE2C03BD6080CAE /* SignInView.swift */,
			);
			path = SignIn;
			sourceTree = "<group>";
		};
		690EA4B7050089824EA3B563 /* LocalVideo */ = {
			isa = PBXGroup;
			children = (
				9460204E541BF370BAFFB9BE /* CameraRecorder.swift */,
				4C8D2CE62461A4ABAED8923C /* LocalThumbnails.swift */,
				3A34A957F901EA635D1BAA96 /* LocalVideoFiles.swift */,
				BE370B3A23B49D0DED479199 /* LocalVideoIntake.swift */,
				E1B9EC6CE7B68DC43C4F92C7 /* LocalVideoLogic.swift */,
				FEFBC0DB886D05C0A25F6E05 /* LocalVideoSection.swift */,
				2C2F901A70401154D8989C1D /* VideoPicker.swift */,
			);
			path = LocalVideo;
			sourceTree = "<group>";
		};
		70D1FC2C808C15B61B3F5D67 /* ClipList */ = {
			isa = PBXGroup;
			children = (
				36DA4D40D7C6052946C3CC35 /* ClipListModel.swift */,
				C9F2370F7CE20C2A273FC7CD /* ClipListView.swift */,
				42CBF6009AF78F80778FDBA5 /* MatchClipsView.swift */,
				4A94F21AB0AEE5F66047B679 /* MatchGrouping.swift */,
			);
			path = ClipList;
			sourceTree = "<group>";
		};
		94C98B8B3A2BFC1966447269 /* Products */ = {
			isa = PBXGroup;
			children = (
				86038AE1032E284E79B32AD6 /* iosApp.app */,
				56583BC252B5F01ED9DEA19D /* iosAppTests.xctest */,
			);
			name = Products;
			sourceTree = "<group>";
		};
		B175162860559A14F1D4ACCF /* Share */ = {
			isa = PBXGroup;
			children = (
				3CEBABF3818F4829339E77D7 /* ShareSheetView.swift */,
			);
			path = Share;
			sourceTree = "<group>";
		};
		B53BB82DD7780F3657A03A11 /* Sources */ = {
			isa = PBXGroup;
			children = (
				C59114F647E69202552CE362 /* Info.plist */,
				E169E538F23D04ED878E1EFF /* RallyIOSApp.swift */,
				76A23487DD59B49157A3135C /* RootView.swift */,
				8D7CDC92F8FAE6AD8DC9F0E5 /* SplashView.swift */,
				161D482132B1A836D1C0C8E6 /* ClipDetail */,
				70D1FC2C808C15B61B3F5D67 /* ClipList */,
				2DCC9661F24164FE480C72F7 /* Components */,
				690EA4B7050089824EA3B563 /* LocalVideo */,
				B175162860559A14F1D4ACCF /* Share */,
				5FDF58FB201ACBADD1DA850C /* SignIn */,
				F382516A24A5D01B051FF4D9 /* Theme */,
			);
			path = Sources;
			sourceTree = "<group>";
		};
		F382516A24A5D01B051FF4D9 /* Theme */ = {
			isa = PBXGroup;
			children = (
				0C55FBA93C98A27AC7EE21BE /* ShuttlTheme.swift */,
			);
			path = Theme;
			sourceTree = "<group>";
		};
		FFC9BEF0F7452C90A6A82EFC /* Config */ = {
			isa = PBXGroup;
			children = (
				D030A719D36D3641BD15D7B2 /* AppConfig.xcconfig */,
			);
			path = Config;
			sourceTree = "<group>";
		};
/* End PBXGroup section */

/* Begin PBXNativeTarget section */
		78B53CC79860CBFC2F5543C6 /* iosApp */ = {
			isa = PBXNativeTarget;
			buildConfigurationList = 29DCA9F0B3A40325067EB163 /* Build configuration list for PBXNativeTarget "iosApp" */;
			buildPhases = (
				4B44A75E2FD10EFE3C97FCF5 /* Compile Kotlin Framework */,
				297B59D9CE634556D6007C40 /* Sources */,
			);
			buildRules = (
			);
			dependencies = (
			);
			name = iosApp;
			packageProductDependencies = (
			);
			productName = iosApp;
			productReference = 86038AE1032E284E79B32AD6 /* iosApp.app */;
			productType = "com.apple.product-type.application";
		};
		EDDC9037D014CD9DDCA653AC /* iosAppTests */ = {
			isa = PBXNativeTarget;
			buildConfigurationList = D61171475B3FE2835E331C49 /* Build configuration list for PBXNativeTarget "iosAppTests" */;
			buildPhases = (
				3CB0F17B3E63CC78541E1D6D /* Sources */,
			);
			buildRules = (
			);
			dependencies = (
				D6369A31B29DDC1641D6E6F0 /* PBXTargetDependency */,
			);
			name = iosAppTests;
			packageProductDependencies = (
			);
			productName = iosAppTests;
			productReference = 56583BC252B5F01ED9DEA19D /* iosAppTests.xctest */;
			productType = "com.apple.product-type.bundle.unit-test";
		};
/* End PBXNativeTarget section */

/* Begin PBXProject section */
		242FB5348943441C388468CE /* Project object */ = {
			isa = PBXProject;
			attributes = {
				BuildIndependentTargetsInParallel = YES;
				LastUpgradeCheck = 1430;
			};
			buildConfigurationList = FF7CA1CA754D017066F1822F /* Build configuration list for PBXProject "iosApp" */;
			compatibilityVersion = "Xcode 14.0";
			developmentRegion = en;
			hasScannedForEncodings = 0;
			knownRegions = (
				Base,
				en,
			);
			mainGroup = 38B69C3F79CD97858CF7B609;
			minimizedProjectReferenceProxies = 1;
			preferredProjectObjectVersion = 77;
			projectDirPath = "";
			projectRoot = "";
			targets = (
				78B53CC79860CBFC2F5543C6 /* iosApp */,
				EDDC9037D014CD9DDCA653AC /* iosAppTests */,
			);
		};
/* End PBXProject section */

/* Begin PBXShellScriptBuildPhase section */
		4B44A75E2FD10EFE3C97FCF5 /* Compile Kotlin Framework */ = {
			isa = PBXShellScriptBuildPhase;
			alwaysOutOfDate = 1;
			buildActionMask = 2147483647;
			files = (
			);
			inputFileListPaths = (
			);
			inputPaths = (
			);
			name = "Compile Kotlin Framework";
			outputFileListPaths = (
			);
			outputPaths = (
			);
			runOnlyForDeploymentPostprocessing = 0;
			shellPath = /bin/sh;
			shellScript = "if [ -z \"${JAVA_HOME:-}\" ]; then export JAVA_HOME=$(/usr/libexec/java_home); fi\ncd \"$SRCROOT/..\"\n./gradlew :shared:embedAndSignAppleFrameworkForXcode\n";
		};
/* End PBXShellScriptBuildPhase section */

/* Begin PBXSourcesBuildPhase section */
		297B59D9CE634556D6007C40 /* Sources */ = {
			isa = PBXSourcesBuildPhase;
			buildActionMask = 2147483647;
			files = (
				F34C70DAE58109539EEA2D7B /* AddAnnotationSheet.swift in Sources */,
				5C9837ECBC6EEDFD23C6E592 /* CameraRecorder.swift in Sources */,
				82FCD13E2F1A2AAA98EC26F5 /* ClipDetailModel.swift in Sources */,
				A3E7CE695279E31B5DE51490 /* ClipDetailView.swift in Sources */,
				D3A0C6A3CA64CF44286066FC /* ClipListModel.swift in Sources */,
				0A0265AF927A66B40DBCA06B /* ClipListView.swift in Sources */,
				EE7A9B1A1CC005EC4BCF015B /* ErrorBanner.swift in Sources */,
				34F5A055888BA449FB4B9C51 /* KindBadge.swift in Sources */,
				9BDCF0327453D8E988B7DA68 /* LocalThumbnails.swift in Sources */,
				62E0A52B8EA38886C05814B8 /* LocalVideoFiles.swift in Sources */,
				12570C75DE15E22C06666094 /* LocalVideoIntake.swift in Sources */,
				16A3213CCC5EA141B7E189E6 /* LocalVideoLogic.swift in Sources */,
				B3423C48C469B78520C89FE6 /* LocalVideoSection.swift in Sources */,
				6021497F1DAEA61DA330FEA1 /* MatchClipsView.swift in Sources */,
				27D47564638D6299811A5A5B /* MatchGrouping.swift in Sources */,
				7424550AE59BF1354C4DD5F4 /* PrimaryButtonStyle.swift in Sources */,
				CFC74B86E0256055E87B5EAC /* RallyIOSApp.swift in Sources */,
				77F381D4EA05BBFC12F5FFD2 /* RootView.swift in Sources */,
				D90B20576A674D829140588B /* ShareSheetView.swift in Sources */,
				60AC11B9815BD71920288100 /* ShuttlCard.swift in Sources */,
				EB93197882D94A5AF008CD13 /* ShuttlTheme.swift in Sources */,
				8D09944EA6E8B198E3D0073C /* SignInView.swift in Sources */,
				6B213FD25EAA52256950E095 /* SplashView.swift in Sources */,
				5E87E0064158262606D850FC /* VideoPicker.swift in Sources */,
			);
			runOnlyForDeploymentPostprocessing = 0;
		};
		3CB0F17B3E63CC78541E1D6D /* Sources */ = {
			isa = PBXSourcesBuildPhase;
			buildActionMask = 2147483647;
			files = (
				C5EB2C372C4CEC4BA1449043 /* LocalVideoLogicTests.swift in Sources */,
				80422B2E577D3C2F2F960B7D /* MatchGroupingTests.swift in Sources */,
				18DFDCCFF6258C4B0568B3CA /* SmokeTests.swift in Sources */,
			);
			runOnlyForDeploymentPostprocessing = 0;
		};
/* End PBXSourcesBuildPhase section */

/* Begin PBXTargetDependency section */
		D6369A31B29DDC1641D6E6F0 /* PBXTargetDependency */ = {
			isa = PBXTargetDependency;
			target = 78B53CC79860CBFC2F5543C6 /* iosApp */;
			targetProxy = 0FBF91AC48015D09643FAF6B /* PBXContainerItemProxy */;
		};
/* End PBXTargetDependency section */

/* Begin XCBuildConfiguration section */
		11814011E7D6EC822BFBC66D /* Release */ = {
			isa = XCBuildConfiguration;
			baseConfigurationReference = D030A719D36D3641BD15D7B2 /* AppConfig.xcconfig */;
			buildSettings = {
				ALWAYS_SEARCH_USER_PATHS = NO;
				CLANG_ANALYZER_NONNULL = YES;
				CLANG_ANALYZER_NUMBER_OBJECT_CONVERSION = YES_AGGRESSIVE;
				CLANG_CXX_LANGUAGE_STANDARD = "gnu++14";
				CLANG_CXX_LIBRARY = "libc++";
				CLANG_ENABLE_MODULES = YES;
				CLANG_ENABLE_OBJC_ARC = YES;
				CLANG_ENABLE_OBJC_WEAK = YES;
				CLANG_WARN_BLOCK_CAPTURE_AUTORELEASING = YES;
				CLANG_WARN_BOOL_CONVERSION = YES;
				CLANG_WARN_COMMA = YES;
				CLANG_WARN_CONSTANT_CONVERSION = YES;
				CLANG_WARN_DEPRECATED_OBJC_IMPLEMENTATIONS = YES;
				CLANG_WARN_DIRECT_OBJC_ISA_USAGE = YES_ERROR;
				CLANG_WARN_DOCUMENTATION_COMMENTS = YES;
				CLANG_WARN_EMPTY_BODY = YES;
				CLANG_WARN_ENUM_CONVERSION = YES;
				CLANG_WARN_INFINITE_RECURSION = YES;
				CLANG_WARN_INT_CONVERSION = YES;
				CLANG_WARN_NON_LITERAL_NULL_CONVERSION = YES;
				CLANG_WARN_OBJC_IMPLICIT_RETAIN_SELF = YES;
				CLANG_WARN_OBJC_LITERAL_CONVERSION = YES;
				CLANG_WARN_OBJC_ROOT_CLASS = YES_ERROR;
				CLANG_WARN_QUOTED_INCLUDE_IN_FRAMEWORK_HEADER = YES;
				CLANG_WARN_RANGE_LOOP_ANALYSIS = YES;
				CLANG_WARN_STRICT_PROTOTYPES = YES;
				CLANG_WARN_SUSPICIOUS_MOVE = YES;
				CLANG_WARN_UNGUARDED_AVAILABILITY = YES_AGGRESSIVE;
				CLANG_WARN_UNREACHABLE_CODE = YES;
				CLANG_WARN__DUPLICATE_METHOD_MATCH = YES;
				COPY_PHASE_STRIP = NO;
				DEBUG_INFORMATION_FORMAT = "dwarf-with-dsym";
				ENABLE_NS_ASSERTIONS = NO;
				ENABLE_STRICT_OBJC_MSGSEND = YES;
				GCC_C_LANGUAGE_STANDARD = gnu11;
				GCC_NO_COMMON_BLOCKS = YES;
				GCC_WARN_64_TO_32_BIT_CONVERSION = YES;
				GCC_WARN_ABOUT_RETURN_TYPE = YES_ERROR;
				GCC_WARN_UNDECLARED_SELECTOR = YES;
				GCC_WARN_UNINITIALIZED_AUTOS = YES_AGGRESSIVE;
				GCC_WARN_UNUSED_FUNCTION = YES;
				GCC_WARN_UNUSED_VARIABLE = YES;
				IPHONEOS_DEPLOYMENT_TARGET = 17.0;
				MTL_ENABLE_DEBUG_INFO = NO;
				MTL_FAST_MATH = YES;
				PRODUCT_NAME = "$(TARGET_NAME)";
				SDKROOT = iphoneos;
				SWIFT_COMPILATION_MODE = wholemodule;
				SWIFT_OPTIMIZATION_LEVEL = "-O";
				SWIFT_VERSION = 5.0;
			};
			name = Release;
		};
		24229CBC853481EF040BD930 /* Debug */ = {
			isa = XCBuildConfiguration;
			buildSettings = {
				BUNDLE_LOADER = "$(TEST_HOST)";
				LD_RUNPATH_SEARCH_PATHS = (
					"$(inherited)",
					"@executable_path/Frameworks",
					"@loader_path/Frameworks",
				);
				SDKROOT = iphoneos;
				TARGETED_DEVICE_FAMILY = "1,2";
				TEST_HOST = "$(BUILT_PRODUCTS_DIR)/iosApp.app/iosApp";
			};
			name = Debug;
		};
		658C518871404178F6E62E6C /* Release */ = {
			isa = XCBuildConfiguration;
			buildSettings = {
				BUNDLE_LOADER = "$(TEST_HOST)";
				LD_RUNPATH_SEARCH_PATHS = (
					"$(inherited)",
					"@executable_path/Frameworks",
					"@loader_path/Frameworks",
				);
				SDKROOT = iphoneos;
				TARGETED_DEVICE_FAMILY = "1,2";
				TEST_HOST = "$(BUILT_PRODUCTS_DIR)/iosApp.app/iosApp";
			};
			name = Release;
		};
		6C824A6EB4BAD43AE2A4BB29 /* Debug */ = {
			isa = XCBuildConfiguration;
			baseConfigurationReference = D030A719D36D3641BD15D7B2 /* AppConfig.xcconfig */;
			buildSettings = {
				ALWAYS_SEARCH_USER_PATHS = NO;
				CLANG_ANALYZER_NONNULL = YES;
				CLANG_ANALYZER_NUMBER_OBJECT_CONVERSION = YES_AGGRESSIVE;
				CLANG_CXX_LANGUAGE_STANDARD = "gnu++14";
				CLANG_CXX_LIBRARY = "libc++";
				CLANG_ENABLE_MODULES = YES;
				CLANG_ENABLE_OBJC_ARC = YES;
				CLANG_ENABLE_OBJC_WEAK = YES;
				CLANG_WARN_BLOCK_CAPTURE_AUTORELEASING = YES;
				CLANG_WARN_BOOL_CONVERSION = YES;
				CLANG_WARN_COMMA = YES;
				CLANG_WARN_CONSTANT_CONVERSION = YES;
				CLANG_WARN_DEPRECATED_OBJC_IMPLEMENTATIONS = YES;
				CLANG_WARN_DIRECT_OBJC_ISA_USAGE = YES_ERROR;
				CLANG_WARN_DOCUMENTATION_COMMENTS = YES;
				CLANG_WARN_EMPTY_BODY = YES;
				CLANG_WARN_ENUM_CONVERSION = YES;
				CLANG_WARN_INFINITE_RECURSION = YES;
				CLANG_WARN_INT_CONVERSION = YES;
				CLANG_WARN_NON_LITERAL_NULL_CONVERSION = YES;
				CLANG_WARN_OBJC_IMPLICIT_RETAIN_SELF = YES;
				CLANG_WARN_OBJC_LITERAL_CONVERSION = YES;
				CLANG_WARN_OBJC_ROOT_CLASS = YES_ERROR;
				CLANG_WARN_QUOTED_INCLUDE_IN_FRAMEWORK_HEADER = YES;
				CLANG_WARN_RANGE_LOOP_ANALYSIS = YES;
				CLANG_WARN_STRICT_PROTOTYPES = YES;
				CLANG_WARN_SUSPICIOUS_MOVE = YES;
				CLANG_WARN_UNGUARDED_AVAILABILITY = YES_AGGRESSIVE;
				CLANG_WARN_UNREACHABLE_CODE = YES;
				CLANG_WARN__DUPLICATE_METHOD_MATCH = YES;
				COPY_PHASE_STRIP = NO;
				DEBUG_INFORMATION_FORMAT = dwarf;
				ENABLE_STRICT_OBJC_MSGSEND = YES;
				ENABLE_TESTABILITY = YES;
				GCC_C_LANGUAGE_STANDARD = gnu11;
				GCC_DYNAMIC_NO_PIC = NO;
				GCC_NO_COMMON_BLOCKS = YES;
				GCC_OPTIMIZATION_LEVEL = 0;
				GCC_PREPROCESSOR_DEFINITIONS = (
					"$(inherited)",
					"DEBUG=1",
				);
				GCC_WARN_64_TO_32_BIT_CONVERSION = YES;
				GCC_WARN_ABOUT_RETURN_TYPE = YES_ERROR;
				GCC_WARN_UNDECLARED_SELECTOR = YES;
				GCC_WARN_UNINITIALIZED_AUTOS = YES_AGGRESSIVE;
				GCC_WARN_UNUSED_FUNCTION = YES;
				GCC_WARN_UNUSED_VARIABLE = YES;
				IPHONEOS_DEPLOYMENT_TARGET = 17.0;
				MTL_ENABLE_DEBUG_INFO = INCLUDE_SOURCE;
				MTL_FAST_MATH = YES;
				ONLY_ACTIVE_ARCH = YES;
				PRODUCT_NAME = "$(TARGET_NAME)";
				SDKROOT = iphoneos;
				SWIFT_ACTIVE_COMPILATION_CONDITIONS = DEBUG;
				SWIFT_OPTIMIZATION_LEVEL = "-Onone";
				SWIFT_VERSION = 5.0;
			};
			name = Debug;
		};
		9221A1FDC06803E8A2FC6E61 /* Debug */ = {
			isa = XCBuildConfiguration;
			buildSettings = {
				ASSETCATALOG_COMPILER_APPICON_NAME = AppIcon;
				CODE_SIGN_IDENTITY = "iPhone Developer";
				ENABLE_USER_SCRIPT_SANDBOXING = NO;
				FRAMEWORK_SEARCH_PATHS = "$(inherited) $(SRCROOT)/../shared/build/xcode-frameworks/$(CONFIGURATION)/$(SDK_NAME)";
				INFOPLIST_FILE = Sources/Info.plist;
				LD_RUNPATH_SEARCH_PATHS = (
					"$(inherited)",
					"@executable_path/Frameworks",
				);
				OTHER_LDFLAGS = "$(inherited) -framework Shared";
				PRODUCT_BUNDLE_IDENTIFIER = com.badmintontracker.ios;
				SDKROOT = iphoneos;
				TARGETED_DEVICE_FAMILY = "1,2";
			};
			name = Debug;
		};
		AF835BFF1220CA5AB5B867E4 /* Release */ = {
			isa = XCBuildConfiguration;
			buildSettings = {
				ASSETCATALOG_COMPILER_APPICON_NAME = AppIcon;
				CODE_SIGN_IDENTITY = "iPhone Developer";
				ENABLE_USER_SCRIPT_SANDBOXING = NO;
				FRAMEWORK_SEARCH_PATHS = "$(inherited) $(SRCROOT)/../shared/build/xcode-frameworks/$(CONFIGURATION)/$(SDK_NAME)";
				INFOPLIST_FILE = Sources/Info.plist;
				LD_RUNPATH_SEARCH_PATHS = (
					"$(inherited)",
					"@executable_path/Frameworks",
				);
				OTHER_LDFLAGS = "$(inherited) -framework Shared";
				PRODUCT_BUNDLE_IDENTIFIER = com.badmintontracker.ios;
				SDKROOT = iphoneos;
				TARGETED_DEVICE_FAMILY = "1,2";
			};
			name = Release;
		};
/* End XCBuildConfiguration section */

/* Begin XCConfigurationList section */
		29DCA9F0B3A40325067EB163 /* Build configuration list for PBXNativeTarget "iosApp" */ = {
			isa = XCConfigurationList;
			buildConfigurations = (
				9221A1FDC06803E8A2FC6E61 /* Debug */,
				AF835BFF1220CA5AB5B867E4 /* Release */,
			);
			defaultConfigurationIsVisible = 0;
			defaultConfigurationName = Debug;
		};
		D61171475B3FE2835E331C49 /* Build configuration list for PBXNativeTarget "iosAppTests" */ = {
			isa = XCConfigurationList;
			buildConfigurations = (
				24229CBC853481EF040BD930 /* Debug */,
				658C518871404178F6E62E6C /* Release */,
			);
			defaultConfigurationIsVisible = 0;
			defaultConfigurationName = Debug;
		};
		FF7CA1CA754D017066F1822F /* Build configuration list for PBXProject "iosApp" */ = {
			isa = XCConfigurationList;
			buildConfigurations = (
				6C824A6EB4BAD43AE2A4BB29 /* Debug */,
				11814011E7D6EC822BFBC66D /* Release */,
			);
			defaultConfigurationIsVisible = 0;
			defaultConfigurationName = Debug;
		};
/* End XCConfigurationList section */
	};
	rootObject = 242FB5348943441C388468CE /* Project object */;
}
